// !$*UTF8*$!
{
	archiveVersion = 1;
	classes = {
	};
	objectVersion = 48;
	objects = {

/* Begin PBXBuildFile section */
		616EA97489F7EE5E0712FFDB /* Pods_weatherappTests.framework in Frameworks */ = {isa = PBXBuildFile; fileRef = B89A5A8FFAF9A44898B0F7C8 /* Pods_weatherappTests.framework */; };
		7F8E0B3AD72C560841911123 /* Pods_weatherappUITests.framework in Frameworks */ = {isa = PBXBuildFile; fileRef = 0219C6BB358D397BF550F879 /* Pods_weatherappUITests.framework */; };
		C1F8625F11F8F3119C445319 /* Pods_weatherapp.framework in Frameworks */ = {isa = PBXBuildFile; fileRef = BAD9A46B8D68A2C8BF44A457 /* Pods_weatherapp.framework */; };
		C88D4CFA1FE3FFD500BAA34C /* AppDelegate.swift in Sources */ = {isa = PBXBuildFile; fileRef = C88D4CF91FE3FFD500BAA34C /* AppDelegate.swift */; };
		C88D4CFC1FE3FFD500BAA34C /* ForecastsViewController.swift in Sources */ = {isa = PBXBuildFile; fileRef = C88D4CFB1FE3FFD500BAA34C /* ForecastsViewController.swift */; };
		C88D4CFF1FE3FFD500BAA34C /* Main.storyboard in Resources */ = {isa = PBXBuildFile; fileRef = C88D4CFD1FE3FFD500BAA34C /* Main.storyboard */; };
		C88D4D021FE3FFD500BAA34C /* weatherapp.xcdatamodeld in Sources */ = {isa = PBXBuildFile; fileRef = C88D4D001FE3FFD500BAA34C /* weatherapp.xcdatamodeld */; };
		C88D4D041FE3FFD500BAA34C /* Assets.xcassets in Resources */ = {isa = PBXBuildFile; fileRef = C88D4D031FE3FFD500BAA34C /* Assets.xcassets */; };
		C88D4D071FE3FFD500BAA34C /* LaunchScreen.storyboard in Resources */ = {isa = PBXBuildFile; fileRef = C88D4D051FE3FFD500BAA34C /* LaunchScreen.storyboard */; };
		C88D4D121FE3FFD500BAA34C /* weatherappTests.swift in Sources */ = {isa = PBXBuildFile; fileRef = C88D4D111FE3FFD500BAA34C /* weatherappTests.swift */; };
		C88D4D1D1FE3FFD500BAA34C /* weatherappUITests.swift in Sources */ = {isa = PBXBuildFile; fileRef = C88D4D1C1FE3FFD500BAA34C /* weatherappUITests.swift */; };
		C88D4D321FE4045A00BAA34C /* ForecastsRepository.swift in Sources */ = {isa = PBXBuildFile; fileRef = C88D4D311FE4045A00BAA34C /* ForecastsRepository.swift */; };
		C88D4D381FE411FC00BAA34C /* BaseViewController.swift in Sources */ = {isa = PBXBuildFile; fileRef = C88D4D371FE411FC00BAA34C /* BaseViewController.swift */; };
		C88D4D3A1FE4398200BAA34C /* ForecastViewController.swift in Sources */ = {isa = PBXBuildFile; fileRef = C88D4D391FE4398200BAA34C /* ForecastViewController.swift */; };
/* End PBXBuildFile section */

/* Begin PBXContainerItemProxy section */
		C88D4D0E1FE3FFD500BAA34C /* PBXContainerItemProxy */ = {
			isa = PBXContainerItemProxy;
			containerPortal = C88D4CEE1FE3FFD500BAA34C /* Project object */;
			proxyType = 1;
			remoteGlobalIDString = C88D4CF51FE3FFD500BAA34C;
			remoteInfo = weatherapp;
		};
		C88D4D191FE3FFD500BAA34C /* PBXContainerItemProxy */ = {
			isa = PBXContainerItemProxy;
			containerPortal = C88D4CEE1FE3FFD500BAA34C /* Project object */;
			proxyType = 1;
			remoteGlobalIDString = C88D4CF51FE3FFD500BAA34C;
			remoteInfo = weatherapp;
		};
/* End PBXContainerItemProxy section */

/* Begin PBXFileReference section */
		0219C6BB358D397BF550F879 /* Pods_weatherappUITests.framework */ = {isa = PBXFileReference; explicitFileType = wrapper.framework; includeInIndex = 0; path = Pods_weatherappUITests.framework; sourceTree = BUILT_PRODUCTS_DIR; };
		6682493ABC852B2B250BF138 /* Pods-weatherappTests.debug.xcconfig */ = {isa = PBXFileReference; includeInIndex = 1; lastKnownFileType = text.xcconfig; name = "Pods-weatherappTests.debug.xcconfig"; path = "Pods/Target Support Files/Pods-weatherappTests/Pods-weatherappTests.debug.xcconfig"; sourceTree = "<group>"; };
		7766AA2B0B8511444EA12BDD /* Pods-weatherapp.debug.xcconfig */ = {isa = PBXFileReference; includeInIndex = 1; lastKnownFileType = text.xcconfig; name = "Pods-weatherapp.debug.xcconfig"; path = "Pods/Target Support Files/Pods-weatherapp/Pods-weatherapp.debug.xcconfig"; sourceTree = "<group>"; };
		85214D60BA906114A6060A6F /* Pods-weatherappUITests.release.xcconfig */ = {isa = PBXFileReference; includeInIndex = 1; lastKnownFileType = text.xcconfig; name = "Pods-weatherappUITests.release.xcconfig"; path = "Pods/Target Support Files/Pods-weatherappUITests/Pods-weatherappUITests.release.xcconfig"; sourceTree = "<group>"; };
		B89A5A8FFAF9A44898B0F7C8 /* Pods_weatherappTests.framework */ = {isa = PBXFileReference; explicitFileType = wrapper.framework; includeInIndex = 0; path = Pods_weatherappTests.framework; sourceTree = BUILT_PRODUCTS_DIR; };
		BAD9A46B8D68A2C8BF44A457 /* Pods_weatherapp.framework */ = {isa = PBXFileReference; explicitFileType = wrapper.framework; includeInIndex = 0; path = Pods_weatherapp.framework; sourceTree = BUILT_PRODUCTS_DIR; };
		C88D4CF61FE3FFD500BAA34C /* weatherapp.app */ = {isa = PBXFileReference; explicitFileType = wrapper.application; includeInIndex = 0; path = weatherapp.app; sourceTree = BUILT_PRODUCTS_DIR; };
		C88D4CF91FE3FFD500BAA34C /* AppDelegate.swift */ = {isa = PBXFileReference; lastKnownFileType = sourcecode.swift; path = AppDelegate.swift; sourceTree = "<group>"; };
		C88D4CFB1FE3FFD500BAA34C /* ForecastsViewController.swift */ = {isa = PBXFileReference; lastKnownFileType = sourcecode.swift; path = ForecastsViewController.swift; sourceTree = "<group>"; };
		C88D4CFE1FE3FFD500BAA34C /* Base */ = {isa = PBXFileReference; lastKnownFileType = file.storyboard; name = Base; path = Base.lproj/Main.storyboard; sourceTree = "<group>"; };
		C88D4D011FE3FFD500BAA34C /* weatherapp.xcdatamodel */ = {isa = PBXFileReference; lastKnownFileType = wrapper.xcdatamodel; path = weatherapp.xcdatamodel; sourceTree = "<group>"; };
		C88D4D031FE3FFD500BAA34C /* Assets.xcassets */ = {isa = PBXFileReference; lastKnownFileType = folder.assetcatalog; path = Assets.xcassets; sourceTree = "<group>"; };
		C88D4D061FE3FFD500BAA34C /* Base */ = {isa = PBXFileReference; lastKnownFileType = file.storyboard; name = Base; path = Base.lproj/LaunchScreen.storyboard; sourceTree = "<group>"; };
		C88D4D0D1FE3FFD500BAA34C /* weatherappTests.xctest */ = {isa = PBXFileReference; explicitFileType = wrapper.cfbundle; includeInIndex = 0; path = weatherappTests.xctest; sourceTree = BUILT_PRODUCTS_DIR; };
		C88D4D111FE3FFD500BAA34C /* weatherappTests.swift */ = {isa = PBXFileReference; lastKnownFileType = sourcecode.swift; path = weatherappTests.swift; sourceTree = "<group>"; };
		C88D4D131FE3FFD500BAA34C /* Info.plist */ = {isa = PBXFileReference; lastKnownFileType = text.plist.xml; path = Info.plist; sourceTree = "<group>"; };
		C88D4D181FE3FFD500BAA34C /* weatherappUITests.xctest */ = {isa = PBXFileReference; explicitFileType = wrapper.cfbundle; includeInIndex = 0; path = weatherappUITests.xctest; sourceTree = BUILT_PRODUCTS_DIR; };
		C88D4D1C1FE3FFD500BAA34C /* weatherappUITests.swift */ = {isa = PBXFileReference; lastKnownFileType = sourcecode.swift; path = weatherappUITests.swift; sourceTree = "<group>"; };
		C88D4D1E1FE3FFD500BAA34C /* Info.plist */ = {isa = PBXFileReference; lastKnownFileType = text.plist.xml; path = Info.plist; sourceTree = "<group>"; };
		C88D4D311FE4045A00BAA34C /* ForecastsRepository.swift */ = {isa = PBXFileReference; lastKnownFileType = sourcecode.swift; path = ForecastsRepository.swift; sourceTree = "<group>"; };
		C88D4D361FE4116300BAA34C /* Info.plist */ = {isa = PBXFileReference; lastKnownFileType = text.plist.xml; name = Info.plist; path = weatherapp/Info.plist; sourceTree = SOURCE_ROOT; };
		C88D4D371FE411FC00BAA34C /* BaseViewController.swift */ = {isa = PBXFileReference; lastKnownFileType = sourcecode.swift; path = BaseViewController.swift; sourceTree = "<group>"; };
		C88D4D391FE4398200BAA34C /* ForecastViewController.swift */ = {isa = PBXFileReference; lastKnownFileType = sourcecode.swift; path = ForecastViewController.swift; sourceTree = "<group>"; };
		CFCD7F4B3127100D02602D55 /* Pods-weatherappUITests.debug.xcconfig */ = {isa = PBXFileReference; includeInIndex = 1; lastKnownFileType = text.xcconfig; name = "Pods-weatherappUITests.debug.xcconfig"; path = "Pods/Target Support Files/Pods-weatherappUITests/Pods-weatherappUITests.debug.xcconfig"; sourceTree = "<group>"; };
		EED76D993A4C1C24C491FAFE /* Pods-weatherappTests.release.xcconfig */ = {isa = PBXFileReference; includeInIndex = 1; lastKnownFileType = text.xcconfig; name = "Pods-weatherappTests.release.xcconfig"; path = "Pods/Target Support Files/Pods-weatherappTests/Pods-weatherappTests.release.xcconfig"; sourceTree = "<group>"; };
		EFEF3BC9906F3BBAB935998E /* Pods-weatherapp.release.xcconfig */ = {isa = PBXFileReference; includeInIndex = 1; lastKnownFileType = text.xcconfig; name = "Pods-weatherapp.release.xcconfig"; path = "Pods/Target Support Files/Pods-weatherapp/Pods-weatherapp.release.xcconfig"; sourceTree = "<group>"; };
/* End PBXFileReference section */

/* Begin PBXFrameworksBuildPhase section */
		C88D4CF31FE3FFD500BAA34C /* Frameworks */ = {
			isa = PBXFrameworksBuildPhase;
			buildActionMask = 2147483647;
			files = (
				C1F8625F11F8F3119C445319 /* Pods_weatherapp.framework in Frameworks */,
			);
			runOnlyForDeploymentPostprocessing = 0;
		};
		C88D4D0A1FE3FFD500BAA34C /* Frameworks */ = {
			isa = PBXFrameworksBuildPhase;
			buildActionMask = 2147483647;
			files = (
				616EA97489F7EE5E0712FFDB /* Pods_weatherappTests.framework in Frameworks */,
			);
			runOnlyForDeploymentPostprocessing = 0;
		};
		C88D4D151FE3FFD500BAA34C /* Frameworks */ = {
			isa = PBXFrameworksBuildPhase;
			buildActionMask = 2147483647;
			files = (
				7F8E0B3AD72C560841911123 /* Pods_weatherappUITests.framework in Frameworks */,
			);
			runOnlyForDeploymentPostprocessing = 0;
		};
/* End PBXFrameworksBuildPhase section */

/* Begin PBXGroup section */
		8B930759B16DE1B272C0DF13 /* Pods */ = {
			isa = PBXGroup;
			children = (
				7766AA2B0B8511444EA12BDD /* Pods-weatherapp.debug.xcconfig */,
				EFEF3BC9906F3BBAB935998E /* Pods-weatherapp.release.xcconfig */,
				6682493ABC852B2B250BF138 /* Pods-weatherappTests.debug.xcconfig */,
				EED76D993A4C1C24C491FAFE /* Pods-weatherappTests.release.xcconfig */,
				CFCD7F4B3127100D02602D55 /* Pods-weatherappUITests.debug.xcconfig */,
				85214D60BA906114A6060A6F /* Pods-weatherappUITests.release.xcconfig */,
			);
			name = Pods;
			sourceTree = "<group>";
		};
		C88D4CED1FE3FFD500BAA34C = {
			isa = PBXGroup;
			children = (
				C88D4CF81FE3FFD500BAA34C /* weatherapp */,
				C88D4D101FE3FFD500BAA34C /* weatherappTests */,
				C88D4D1B1FE3FFD500BAA34C /* weatherappUITests */,
				C88D4CF71FE3FFD500BAA34C /* Products */,
				8B930759B16DE1B272C0DF13 /* Pods */,
				EDD282916D1B43CB2B7ADE51 /* Frameworks */,
			);
			sourceTree = "<group>";
		};
		C88D4CF71FE3FFD500BAA34C /* Products */ = {
			isa = PBXGroup;
			children = (
				C88D4CF61FE3FFD500BAA34C /* weatherapp.app */,
				C88D4D0D1FE3FFD500BAA34C /* weatherappTests.xctest */,
				C88D4D181FE3FFD500BAA34C /* weatherappUITests.xctest */,
			);
			name = Products;
			sourceTree = "<group>";
		};
		C88D4CF81FE3FFD500BAA34C /* weatherapp */ = {
			isa = PBXGroup;
			children = (
				C88D4D2E1FE4009700BAA34C /* Model */,
				C88D4D2D1FE4008900BAA34C /* Interfaces */,
				C88D4D2C1FE4007D00BAA34C /* Resources */,
				C88D4D2B1FE4007400BAA34C /* SupportingFiles */,
				C88D4D2A1FE4006B00BAA34C /* Controllers */,
			);
			path = weatherapp;
			sourceTree = "<group>";
		};
		C88D4D101FE3FFD500BAA34C /* weatherappTests */ = {
			isa = PBXGroup;
			children = (
				C88D4D111FE3FFD500BAA34C /* weatherappTests.swift */,
				C88D4D131FE3FFD500BAA34C /* Info.plist */,
			);
			path = weatherappTests;
			sourceTree = "<group>";
		};
		C88D4D1B1FE3FFD500BAA34C /* weatherappUITests */ = {
			isa = PBXGroup;
			children = (
				C88D4D1C1FE3FFD500BAA34C /* weatherappUITests.swift */,
				C88D4D1E1FE3FFD500BAA34C /* Info.plist */,
			);
			path = weatherappUITests;
			sourceTree = "<group>";
		};
		C88D4D2A1FE4006B00BAA34C /* Controllers */ = {
			isa = PBXGroup;
			children = (
				C88D4CFB1FE3FFD500BAA34C /* ForecastsViewController.swift */,
				C88D4D371FE411FC00BAA34C /* BaseViewController.swift */,
				C88D4D391FE4398200BAA34C /* ForecastViewController.swift */,
			);
			path = Controllers;
			sourceTree = "<group>";
		};
		C88D4D2B1FE4007400BAA34C /* SupportingFiles */ = {
			isa = PBXGroup;
			children = (
				C88D4D361FE4116300BAA34C /* Info.plist */,
				C88D4CF91FE3FFD500BAA34C /* AppDelegate.swift */,
			);
			path = SupportingFiles;
			sourceTree = "<group>";
		};
		C88D4D2C1FE4007D00BAA34C /* Resources */ = {
			isa = PBXGroup;
			children = (
				C88D4D031FE3FFD500BAA34C /* Assets.xcassets */,
			);
			path = Resources;
			sourceTree = "<group>";
		};
		C88D4D2D1FE4008900BAA34C /* Interfaces */ = {
			isa = PBXGroup;
			children = (
				C88D4CFD1FE3FFD500BAA34C /* Main.storyboard */,
				C88D4D051FE3FFD500BAA34C /* LaunchScreen.storyboard */,
			);
			path = Interfaces;
			sourceTree = "<group>";
		};
		C88D4D2E1FE4009700BAA34C /* Model */ = {
			isa = PBXGroup;
			children = (
				C88D4D301FE402D300BAA34C /* Entities */,
				C88D4D2F1FE402A400BAA34C /* Repositories */,
			);
			path = Model;
			sourceTree = "<group>";
		};
		C88D4D2F1FE402A400BAA34C /* Repositories */ = {
			isa = PBXGroup;
			children = (
				C88D4D311FE4045A00BAA34C /* ForecastsRepository.swift */,
			);
			path = Repositories;
			sourceTree = "<group>";
		};
		C88D4D301FE402D300BAA34C /* Entities */ = {
			isa = PBXGroup;
			children = (
				C88D4D001FE3FFD500BAA34C /* weatherapp.xcdatamodeld */,
			);
			path = Entities;
			sourceTree = "<group>";
		};
		EDD282916D1B43CB2B7ADE51 /* Frameworks */ = {
			isa = PBXGroup;
			children = (
				BAD9A46B8D68A2C8BF44A457 /* Pods_weatherapp.framework */,
				B89A5A8FFAF9A44898B0F7C8 /* Pods_weatherappTests.framework */,
				0219C6BB358D397BF550F879 /* Pods_weatherappUITests.framework */,
			);
			name = Frameworks;
			sourceTree = "<group>";
		};
/* End PBXGroup section */

/* Begin PBXNativeTarget section */
		C88D4CF51FE3FFD500BAA34C /* weatherapp */ = {
			isa = PBXNativeTarget;
			buildConfigurationList = C88D4D211FE3FFD500BAA34C /* Build configuration list for PBXNativeTarget "weatherapp" */;
			buildPhases = (
				99F16CABE80B0929180A6663 /* [CP] Check Pods Manifest.lock */,
				C88D4CF21FE3FFD500BAA34C /* Sources */,
				C88D4CF31FE3FFD500BAA34C /* Frameworks */,
				C88D4CF41FE3FFD500BAA34C /* Resources */,
				9EC5C2F7D5C47387E9C4338A /* [CP] Embed Pods Frameworks */,
				25756BAA0806ED51CE6AA783 /* [CP] Copy Pods Resources */,
			);
			buildRules = (
			);
			dependencies = (
			);
			name = weatherapp;
			productName = weatherapp;
			productReference = C88D4CF61FE3FFD500BAA34C /* weatherapp.app */;
			productType = "com.apple.product-type.application";
		};
		C88D4D0C1FE3FFD500BAA34C /* weatherappTests */ = {
			isa = PBXNativeTarget;
			buildConfigurationList = C88D4D241FE3FFD500BAA34C /* Build configuration list for PBXNativeTarget "weatherappTests" */;
			buildPhases = (
				F95405E32B06B48339385587 /* [CP] Check Pods Manifest.lock */,
				C88D4D091FE3FFD500BAA34C /* Sources */,
				C88D4D0A1FE3FFD500BAA34C /* Frameworks */,
				C88D4D0B1FE3FFD500BAA34C /* Resources */,
				86362081235D78B148104D60 /* [CP] Embed Pods Frameworks */,
				D0FA0B486B4F2380B3C5804C /* [CP] Copy Pods Resources */,
			);
			buildRules = (
			);
			dependencies = (
				C88D4D0F1FE3FFD500BAA34C /* PBXTargetDependency */,
			);
			name = weatherappTests;
			productName = weatherappTests;
			productReference = C88D4D0D1FE3FFD500BAA34C /* weatherappTests.xctest */;
			productType = "com.apple.product-type.bundle.unit-test";
		};
		C88D4D171FE3FFD500BAA34C /* weatherappUITests */ = {
			isa = PBXNativeTarget;
			buildConfigurationList = C88D4D271FE3FFD500BAA34C /* Build configuration list for PBXNativeTarget "weatherappUITests" */;
			buildPhases = (
				41AED4ACBE0BD9996DA303E3 /* [CP] Check Pods Manifest.lock */,
				C88D4D141FE3FFD500BAA34C /* Sources */,
				C88D4D151FE3FFD500BAA34C /* Frameworks */,
				C88D4D161FE3FFD500BAA34C /* Resources */,
				63476F308C69A0CFA59536FB /* [CP] Embed Pods Frameworks */,
				1111F5A22BB649262D7DA4C6 /* [CP] Copy Pods Resources */,
			);
			buildRules = (
			);
			dependencies = (
				C88D4D1A1FE3FFD500BAA34C /* PBXTargetDependency */,
			);
			name = weatherappUITests;
			productName = weatherappUITests;
			productReference = C88D4D181FE3FFD500BAA34C /* weatherappUITests.xctest */;
			productType = "com.apple.product-type.bundle.ui-testing";
		};
/* End PBXNativeTarget section */

/* Begin PBXProject section */
		C88D4CEE1FE3FFD500BAA34C /* Project object */ = {
			isa = PBXProject;
			attributes = {
				LastSwiftUpdateCheck = 0900;
				LastUpgradeCheck = 0900;
				ORGANIZATIONNAME = leloupnicolas;
				TargetAttributes = {
					C88D4CF51FE3FFD500BAA34C = {
						CreatedOnToolsVersion = 9.0;
						ProvisioningStyle = Manual;
					};
					C88D4D0C1FE3FFD500BAA34C = {
						CreatedOnToolsVersion = 9.0;
						ProvisioningStyle = Automatic;
						TestTargetID = C88D4CF51FE3FFD500BAA34C;
					};
					C88D4D171FE3FFD500BAA34C = {
						CreatedOnToolsVersion = 9.0;
						ProvisioningStyle = Automatic;
						TestTargetID = C88D4CF51FE3FFD500BAA34C;
					};
				};
			};
			buildConfigurationList = C88D4CF11FE3FFD500BAA34C /* Build configuration list for PBXProject "weatherapp" */;
			compatibilityVersion = "Xcode 8.0";
			developmentRegion = en;
			hasScannedForEncodings = 0;
			knownRegions = (
				en,
				Base,
			);
			mainGroup = C88D4CED1FE3FFD500BAA34C;
			productRefGroup = C88D4CF71FE3FFD500BAA34C /* Products */;
			projectDirPath = "";
			projectRoot = "";
			targets = (
				C88D4CF51FE3FFD500BAA34C /* weatherapp */,
				C88D4D0C1FE3FFD500BAA34C /* weatherappTests */,
				C88D4D171FE3FFD500BAA34C /* weatherappUITests */,
			);
		};
/* End PBXProject section */

/* Begin PBXResourcesBuildPhase section */
		C88D4CF41FE3FFD500BAA34C /* Resources */ = {
			isa = PBXResourcesBuildPhase;
			buildActionMask = 2147483647;
			files = (
				C88D4D071FE3FFD500BAA34C /* LaunchScreen.storyboard in Resources */,
				C88D4D041FE3FFD500BAA34C /* Assets.xcassets in Resources */,
				C88D4CFF1FE3FFD500BAA34C /* Main.storyboard in Resources */,
			);
			runOnlyForDeploymentPostprocessing = 0;
		};
		C88D4D0B1FE3FFD500BAA34C /* Resources */ = {
			isa = PBXResourcesBuildPhase;
			buildActionMask = 2147483647;
			files = (
			);
			runOnlyForDeploymentPostprocessing = 0;
		};
		C88D4D161FE3FFD500BAA34C /* Resources */ = {
			isa = PBXResourcesBuildPhase;
			buildActionMask = 2147483647;
			files = (
			);
			runOnlyForDeploymentPostprocessing = 0;
		};
/* End PBXResourcesBuildPhase section */

/* Begin PBXShellScriptBuildPhase section */
		1111F5A22BB649262D7DA4C6 /* [CP] Copy Pods Resources */ = {
			isa = PBXShellScriptBuildPhase;
			buildActionMask = 2147483647;
			files = (
			);
			inputPaths = (
			);
			name = "[CP] Copy Pods Resources";
			outputPaths = (
			);
			runOnlyForDeploymentPostprocessing = 0;
			shellPath = /bin/sh;
			shellScript = "\"${SRCROOT}/Pods/Target Support Files/Pods-weatherappUITests/Pods-weatherappUITests-resources.sh\"\n";
			showEnvVarsInLog = 0;
		};
		25756BAA0806ED51CE6AA783 /* [CP] Copy Pods Resources */ = {
			isa = PBXShellScriptBuildPhase;
			buildActionMask = 2147483647;
			files = (
			);
			inputPaths = (
			);
			name = "[CP] Copy Pods Resources";
			outputPaths = (
			);
			runOnlyForDeploymentPostprocessing = 0;
			shellPath = /bin/sh;
			shellScript = "\"${SRCROOT}/Pods/Target Support Files/Pods-weatherapp/Pods-weatherapp-resources.sh\"\n";
			showEnvVarsInLog = 0;
		};
		41AED4ACBE0BD9996DA303E3 /* [CP] Check Pods Manifest.lock */ = {
			isa = PBXShellScriptBuildPhase;
			buildActionMask = 2147483647;
			files = (
			);
			inputPaths = (
				"${PODS_PODFILE_DIR_PATH}/Podfile.lock",
				"${PODS_ROOT}/Manifest.lock",
			);
			name = "[CP] Check Pods Manifest.lock";
			outputPaths = (
				"$(DERIVED_FILE_DIR)/Pods-weatherappUITests-checkManifestLockResult.txt",
			);
			runOnlyForDeploymentPostprocessing = 0;
			shellPath = /bin/sh;
			shellScript = "diff \"${PODS_PODFILE_DIR_PATH}/Podfile.lock\" \"${PODS_ROOT}/Manifest.lock\" > /dev/null\nif [ $? != 0 ] ; then\n    # print error to STDERR\n    echo \"error: The sandbox is not in sync with the Podfile.lock. Run 'pod install' or update your CocoaPods installation.\" >&2\n    exit 1\nfi\n# This output is used by Xcode 'outputs' to avoid re-running this script phase.\necho \"SUCCESS\" > \"${SCRIPT_OUTPUT_FILE_0}\"\n";
			showEnvVarsInLog = 0;
		};
		63476F308C69A0CFA59536FB /* [CP] Embed Pods Frameworks */ = {
			isa = PBXShellScriptBuildPhase;
			buildActionMask = 2147483647;
			files = (
			);
			inputPaths = (
			);
			name = "[CP] Embed Pods Frameworks";
			outputPaths = (
			);
			runOnlyForDeploymentPostprocessing = 0;
			shellPath = /bin/sh;
			shellScript = "\"${SRCROOT}/Pods/Target Support Files/Pods-weatherappUITests/Pods-weatherappUITests-frameworks.sh\"\n";
			showEnvVarsInLog = 0;
		};
		86362081235D78B148104D60 /* [CP] Embed Pods Frameworks */ = {
			isa = PBXShellScriptBuildPhase;
			buildActionMask = 2147483647;
			files = (
			);
			inputPaths = (
			);
			name = "[CP] Embed Pods Frameworks";
			outputPaths = (
			);
			runOnlyForDeploymentPostprocessing = 0;
			shellPath = /bin/sh;
			shellScript = "\"${SRCROOT}/Pods/Target Support Files/Pods-weatherappTests/Pods-weatherappTests-frameworks.sh\"\n";
			showEnvVarsInLog = 0;
		};
		99F16CABE80B0929180A6663 /* [CP] Check Pods Manifest.lock */ = {
			isa = PBXShellScriptBuildPhase;
			buildActionMask = 2147483647;
			files = (
			);
			inputPaths = (
				"${PODS_PODFILE_DIR_PATH}/Podfile.lock",
				"${PODS_ROOT}/Manifest.lock",
			);
			name = "[CP] Check Pods Manifest.lock";
			outputPaths = (
				"$(DERIVED_FILE_DIR)/Pods-weatherapp-checkManifestLockResult.txt",
			);
			runOnlyForDeploymentPostprocessing = 0;
			shellPath = /bin/sh;
			shellScript = "diff \"${PODS_PODFILE_DIR_PATH}/Podfile.lock\" \"${PODS_ROOT}/Manifest.lock\" > /dev/null\nif [ $? != 0 ] ; then\n    # print error to STDERR\n    echo \"error: The sandbox is not in sync with the Podfile.lock. Run 'pod install' or update your CocoaPods installation.\" >&2\n    exit 1\nfi\n# This output is used by Xcode 'outputs' to avoid re-running this script phase.\necho \"SUCCESS\" > \"${SCRIPT_OUTPUT_FILE_0}\"\n";
			showEnvVarsInLog = 0;
		};
		9EC5C2F7D5C47387E9C4338A /* [CP] Embed Pods Frameworks */ = {
			isa = PBXShellScriptBuildPhase;
			buildActionMask = 2147483647;
			files = (
			);
			inputPaths = (
				"${SRCROOT}/Pods/Target Support Files/Pods-weatherapp/Pods-weatherapp-frameworks.sh",
				"${BUILT_PRODUCTS_DIR}/Alamofire/Alamofire.framework",
				"${BUILT_PRODUCTS_DIR}/Need/Need.framework",
				"${BUILT_PRODUCTS_DIR}/PKHUD/PKHUD.framework",
				"${BUILT_PRODUCTS_DIR}/SwiftyJSON/SwiftyJSON.framework",
			);
			name = "[CP] Embed Pods Frameworks";
			outputPaths = (
				"${TARGET_BUILD_DIR}/${FRAMEWORKS_FOLDER_PATH}/Alamofire.framework",
				"${TARGET_BUILD_DIR}/${FRAMEWORKS_FOLDER_PATH}/Need.framework",
				"${TARGET_BUILD_DIR}/${FRAMEWORKS_FOLDER_PATH}/PKHUD.framework",
				"${TARGET_BUILD_DIR}/${FRAMEWORKS_FOLDER_PATH}/SwiftyJSON.framework",
			);
			runOnlyForDeploymentPostprocessing = 0;
			shellPath = /bin/sh;
			shellScript = "\"${SRCROOT}/Pods/Target Support Files/Pods-weatherapp/Pods-weatherapp-frameworks.sh\"\n";
			showEnvVarsInLog = 0;
		};
		D0FA0B486B4F2380B3C5804C /* [CP] Copy Pods Resources */ = {
			isa = PBXShellScriptBuildPhase;
			buildActionMask = 2147483647;
			files = (
			);
			inputPaths = (
			);
			name = "[CP] Copy Pods Resources";
			outputPaths = (
			);
			runOnlyForDeploymentPostprocessing = 0;
			shellPath = /bin/sh;
			shellScript = "\"${SRCROOT}/Pods/Target Support Files/Pods-weatherappTests/Pods-weatherappTests-resources.sh\"\n";
			showEnvVarsInLog = 0;
		};
		F95405E32B06B48339385587 /* [CP] Check Pods Manifest.lock */ = {
			isa = PBXShellScriptBuildPhase;
			buildActionMask = 2147483647;
			files = (
			);
			inputPaths = (
				"${PODS_PODFILE_DIR_PATH}/Podfile.lock",
				"${PODS_ROOT}/Manifest.lock",
			);
			name = "[CP] Check Pods Manifest.lock";
			outputPaths = (
				"$(DERIVED_FILE_DIR)/Pods-weatherappTests-checkManifestLockResult.txt",
			);
			runOnlyForDeploymentPostprocessing = 0;
			shellPath = /bin/sh;
			shellScript = "diff \"${PODS_PODFILE_DIR_PATH}/Podfile.lock\" \"${PODS_ROOT}/Manifest.lock\" > /dev/null\nif [ $? != 0 ] ; then\n    # print error to STDERR\n    echo \"error: The sandbox is not in sync with the Podfile.lock. Run 'pod install' or update your CocoaPods installation.\" >&2\n    exit 1\nfi\n# This output is used by Xcode 'outputs' to avoid re-running this script phase.\necho \"SUCCESS\" > \"${SCRIPT_OUTPUT_FILE_0}\"\n";
			showEnvVarsInLog = 0;
		};
/* End PBXShellScriptBuildPhase section */

/* Begin PBXSourcesBuildPhase section */
		C88D4CF21FE3FFD500BAA34C /* Sources */ = {
			isa = PBXSourcesBuildPhase;
			buildActionMask = 2147483647;
			files = (
				C88D4CFC1FE3FFD500BAA34C /* ForecastsViewController.swift in Sources */,
				C88D4D021FE3FFD500BAA34C /* weatherapp.xcdatamodeld in Sources */,
				C88D4D321FE4045A00BAA34C /* ForecastsRepository.swift in Sources */,
				C88D4CFA1FE3FFD500BAA34C /* AppDelegate.swift in Sources */,
				C88D4D381FE411FC00BAA34C /* BaseViewController.swift in Sources */,
				C88D4D3A1FE4398200BAA34C /* ForecastViewController.swift in Sources */,
			);
			runOnlyForDeploymentPostprocessing = 0;
		};
		C88D4D091FE3FFD500BAA34C /* Sources */ = {
			isa = PBXSourcesBuildPhase;
			buildActionMask = 2147483647;
			files = (
				C88D4D121FE3FFD500BAA34C /* weatherappTests.swift in Sources */,
			);
			runOnlyForDeploymentPostprocessing = 0;
		};
		C88D4D141FE3FFD500BAA34C /* Sources */ = {
			isa = PBXSourcesBuildPhase;
			buildActionMask = 2147483647;
			files = (
				C88D4D1D1FE3FFD500BAA34C /* weatherappUITests.swift in Sources */,
			);
			runOnlyForDeploymentPostprocessing = 0;
		};
/* End PBXSourcesBuildPhase section */

/* Begin PBXTargetDependency section */
		C88D4D0F1FE3FFD500BAA34C /* PBXTargetDependency */ = {
			isa = PBXTargetDependency;
			target = C88D4CF51FE3FFD500BAA34C /* weatherapp */;
			targetProxy = C88D4D0E1FE3FFD500BAA34C /* PBXContainerItemProxy */;
		};
		C88D4D1A1FE3FFD500BAA34C /* PBXTargetDependency */ = {
			isa = PBXTargetDependency;
			target = C88D4CF51FE3FFD500BAA34C /* weatherapp */;
			targetProxy = C88D4D191FE3FFD500BAA34C /* PBXContainerItemProxy */;
		};
/* End PBXTargetDependency section */

/* Begin PBXVariantGroup section */
		C88D4CFD1FE3FFD500BAA34C /* Main.storyboard */ = {
			isa = PBXVariantGroup;
			children = (
				C88D4CFE1FE3FFD500BAA34C /* Base */,
			);
			name = Main.storyboard;
			sourceTree = "<group>";
		};
		C88D4D051FE3FFD500BAA34C /* LaunchScreen.storyboard */ = {
			isa = PBXVariantGroup;
			children = (
				C88D4D061FE3FFD500BAA34C /* Base */,
			);
			name = LaunchScreen.storyboard;
			sourceTree = "<group>";
		};
/* End PBXVariantGroup section */

/* Begin XCBuildConfiguration section */
		C88D4D1F1FE3FFD500BAA34C /* Debug */ = {
			isa = XCBuildConfiguration;
			buildSettings = {
				ALWAYS_SEARCH_USER_PATHS = NO;
				CLANG_ANALYZER_NONNULL = YES;
				CLANG_ANALYZER_NUMBER_OBJECT_CONVERSION = YES_AGGRESSIVE;
				CLANG_CXX_LANGUAGE_STANDARD = "gnu++14";
				CLANG_CXX_LIBRARY = "libc++";
				CLANG_ENABLE_MODULES = YES;
				CLANG_ENABLE_OBJC_ARC = YES;
				CLANG_WARN_BLOCK_CAPTURE_AUTORELEASING = YES;
				CLANG_WARN_BOOL_CONVERSION = YES;
				CLANG_WARN_COMMA = YES;
				CLANG_WARN_CONSTANT_CONVERSION = YES;
				CLANG_WARN_DIRECT_OBJC_ISA_USAGE = YES_ERROR;
				CLANG_WARN_DOCUMENTATION_COMMENTS = YES;
				CLANG_WARN_EMPTY_BODY = YES;
				CLANG_WARN_ENUM_CONVERSION = YES;
				CLANG_WARN_INFINITE_RECURSION = YES;
				CLANG_WARN_INT_CONVERSION = YES;
				CLANG_WARN_NON_LITERAL_NULL_CONVERSION = YES;
				CLANG_WARN_OBJC_LITERAL_CONVERSION = YES;
				CLANG_WARN_OBJC_ROOT_CLASS = YES_ERROR;
				CLANG_WARN_RANGE_LOOP_ANALYSIS = YES;
				CLANG_WARN_STRICT_PROTOTYPES = YES;
				CLANG_WARN_SUSPICIOUS_MOVE = YES;
				CLANG_WARN_UNGUARDED_AVAILABILITY = YES_AGGRESSIVE;
				CLANG_WARN_UNREACHABLE_CODE = YES;
				CLANG_WARN__DUPLICATE_METHOD_MATCH = YES;
				CODE_SIGN_IDENTITY = "iPhone Developer";
				COPY_PHASE_STRIP = NO;
				DEBUG_INFORMATION_FORMAT = dwarf;
				ENABLE_STRICT_OBJC_MSGSEND = YES;
				ENABLE_TESTABILITY = YES;
				GCC_C_LANGUAGE_STANDARD = gnu11;
				GCC_DYNAMIC_NO_PIC = NO;
				GCC_NO_COMMON_BLOCKS = YES;
				GCC_OPTIMIZATION_LEVEL = 0;
				GCC_PREPROCESSOR_DEFINITIONS = (
					"DEBUG=1",
					"$(inherited)",
				);
				GCC_WARN_64_TO_32_BIT_CONVERSION = YES;
				GCC_WARN_ABOUT_RETURN_TYPE = YES_ERROR;
				GCC_WARN_UNDECLARED_SELECTOR = YES;
				GCC_WARN_UNINITIALIZED_AUTOS = YES_AGGRESSIVE;
				GCC_WARN_UNUSED_FUNCTION = YES;
				GCC_WARN_UNUSED_VARIABLE = YES;
				IPHONEOS_DEPLOYMENT_TARGET = 11.0;
				MTL_ENABLE_DEBUG_INFO = YES;
				ONLY_ACTIVE_ARCH = YES;
				SDKROOT = iphoneos;
				SWIFT_ACTIVE_COMPILATION_CONDITIONS = DEBUG;
				SWIFT_OPTIMIZATION_LEVEL = "-Onone";
			};
			name = Debug;
		};
		C88D4D201FE3FFD500BAA34C /* Release */ = {
			isa = XCBuildConfiguration;
			buildSettings = {
				ALWAYS_SEARCH_USER_PATHS = NO;
				CLANG_ANALYZER_NONNULL = YES;
				CLANG_ANALYZER_NUMBER_OBJECT_CONVERSION = YES_AGGRESSIVE;
				CLANG_CXX_LANGUAGE_STANDARD = "gnu++14";
				CLANG_CXX_LIBRARY = "libc++";
				CLANG_ENABLE_MODULES = YES;
				CLANG_ENABLE_OBJC_ARC = YES;
				CLANG_WARN_BLOCK_CAPTURE_AUTORELEASING = YES;
				CLANG_WARN_BOOL_CONVERSION = YES;
				CLANG_WARN_COMMA = YES;
				CLANG_WARN_CONSTANT_CONVERSION = YES;
				CLANG_WARN_DIRECT_OBJC_ISA_USAGE = YES_ERROR;
				CLANG_WARN_DOCUMENTATION_COMMENTS = YES;
				CLANG_WARN_EMPTY_BODY = YES;
				CLANG_WARN_ENUM_CONVERSION = YES;
				CLANG_WARN_INFINITE_RECURSION = YES;
				CLANG_WARN_INT_CONVERSION = YES;
				CLANG_WARN_NON_LITERAL_NULL_CONVERSION = YES;
				CLANG_WARN_OBJC_LITERAL_CONVERSION = YES;
				CLANG_WARN_OBJC_ROOT_CLASS = YES_ERROR;
				CLANG_WARN_RANGE_LOOP_ANALYSIS = YES;
				CLANG_WARN_STRICT_PROTOTYPES = YES;
				CLANG_WARN_SUSPICIOUS_MOVE = YES;
				CLANG_WARN_UNGUARDED_AVAILABILITY = YES_AGGRESSIVE;
				CLANG_WARN_UNREACHABLE_CODE = YES;
				CLANG_WARN__DUPLICATE_METHOD_MATCH = YES;
				CODE_SIGN_IDENTITY = "iPhone Developer";
				COPY_PHASE_STRIP = NO;
				DEBUG_INFORMATION_FORMAT = "dwarf-with-dsym";
				ENABLE_NS_ASSERTIONS = NO;
				ENABLE_STRICT_OBJC_MSGSEND = YES;
				GCC_C_LANGUAGE_STANDARD = gnu11;
				GCC_NO_COMMON_BLOCKS = YES;
				GCC_WARN_64_TO_32_BIT_CONVERSION = YES;
				GCC_WARN_ABOUT_RETURN_TYPE = YES_ERROR;
				GCC_WARN_UNDECLARED_SELECTOR = YES;
				GCC_WARN_UNINITIALIZED_AUTOS = YES_AGGRESSIVE;
				GCC_WARN_UNUSED_FUNCTION = YES;
				GCC_WARN_UNUSED_VARIABLE = YES;
				IPHONEOS_DEPLOYMENT_TARGET = 11.0;
				MTL_ENABLE_DEBUG_INFO = NO;
				SDKROOT = iphoneos;
				SWIFT_OPTIMIZATION_LEVEL = "-Owholemodule";
				VALIDATE_PRODUCT = YES;
			};
			name = Release;
		};
		C88D4D221FE3FFD500BAA34C /* Debug */ = {
			isa = XCBuildConfiguration;
			baseConfigurationReference = 7766AA2B0B8511444EA12BDD /* Pods-weatherapp.debug.xcconfig */;
			buildSettings = {
				ASSETCATALOG_COMPILER_APPICON_NAME = AppIcon;
				CODE_SIGN_STYLE = Manual;
				DEVELOPMENT_TEAM = "";
				INFOPLIST_FILE = weatherapp/Info.plist;
				LD_RUNPATH_SEARCH_PATHS = "$(inherited) @executable_path/Frameworks";
				PRODUCT_BUNDLE_IDENTIFIER = com.leloupnicolas.weatherapp;
				PRODUCT_NAME = "$(TARGET_NAME)";
				PROVISIONING_PROFILE_SPECIFIER = "";
				SWIFT_VERSION = 4.0;
				TARGETED_DEVICE_FAMILY = "1,2";
			};
			name = Debug;
		};
		C88D4D231FE3FFD500BAA34C /* Release */ = {
			isa = XCBuildConfiguration;
			baseConfigurationReference = EFEF3BC9906F3BBAB935998E /* Pods-weatherapp.release.xcconfig */;
			buildSettings = {
				ASSETCATALOG_COMPILER_APPICON_NAME = AppIcon;
				CODE_SIGN_STYLE = Manual;
				DEVELOPMENT_TEAM = "";
				INFOPLIST_FILE = weatherapp/Info.plist;
				LD_RUNPATH_SEARCH_PATHS = "$(inherited) @executable_path/Frameworks";
				PRODUCT_BUNDLE_IDENTIFIER = com.leloupnicolas.weatherapp;
				PRODUCT_NAME = "$(TARGET_NAME)";
				PROVISIONING_PROFILE_SPECIFIER = "";
				SWIFT_VERSION = 4.0;
				TARGETED_DEVICE_FAMILY = "1,2";
			};
			name = Release;
		};
		C88D4D251FE3FFD500BAA34C /* Debug */ = {
			isa = XCBuildConfiguration;
			baseConfigurationReference = 6682493ABC852B2B250BF138 /* Pods-weatherappTests.debug.xcconfig */;
			buildSettings = {
				ALWAYS_EMBED_SWIFT_STANDARD_LIBRARIES = YES;
				BUNDLE_LOADER = "$(TEST_HOST)";
				CODE_SIGN_STYLE = Automatic;
				INFOPLIST_FILE = weatherappTests/Info.plist;
				LD_RUNPATH_SEARCH_PATHS = "$(inherited) @executable_path/Frameworks @loader_path/Frameworks";
				PRODUCT_BUNDLE_IDENTIFIER = com.leloupnicolas.weatherappTests;
				PRODUCT_NAME = "$(TARGET_NAME)";
				SWIFT_VERSION = 4.0;
				TARGETED_DEVICE_FAMILY = "1,2";
				TEST_HOST = "$(BUILT_PRODUCTS_DIR)/weatherapp.app/weatherapp";
			};
			name = Debug;
		};
		C88D4D261FE3FFD500BAA34C /* Release */ = {
			isa = XCBuildConfiguration;
			baseConfigurationReference = EED76D993A4C1C24C491FAFE /* Pods-weatherappTests.release.xcconfig */;
			buildSettings = {
				ALWAYS_EMBED_SWIFT_STANDARD_LIBRARIES = YES;
				BUNDLE_LOADER = "$(TEST_HOST)";
				CODE_SIGN_STYLE = Automatic;
				INFOPLIST_FILE = weatherappTests/Info.plist;
				LD_RUNPATH_SEARCH_PATHS = "$(inherited) @executable_path/Frameworks @loader_path/Frameworks";
				PRODUCT_BUNDLE_IDENTIFIER = com.leloupnicolas.weatherappTests;
				PRODUCT_NAME = "$(TARGET_NAME)";
				SWIFT_VERSION = 4.0;
				TARGETED_DEVICE_FAMILY = "1,2";
				TEST_HOST = "$(BUILT_PRODUCTS_DIR)/weatherapp.app/weatherapp";
			};
			name = Release;
		};
		C88D4D281FE3FFD500BAA34C /* Debug */ = {
			isa = XCBuildConfiguration;
			baseConfigurationReference = CFCD7F4B3127100D02602D55 /* Pods-weatherappUITests.debug.xcconfig */;
			buildSettings = {
				ALWAYS_EMBED_SWIFT_STANDARD_LIBRARIES = YES;
				CODE_SIGN_STYLE = Automatic;
				INFOPLIST_FILE = weatherappUITests/Info.plist;
				LD_RUNPATH_SEARCH_PATHS = "$(inherited) @executable_path/Frameworks @loader_path/Frameworks";
				PRODUCT_BUNDLE_IDENTIFIER = com.leloupnicolas.weatherappUITests;
				PRODUCT_NAME = "$(TARGET_NAME)";
				SWIFT_VERSION = 4.0;
				TARGETED_DEVICE_FAMILY = "1,2";
				TEST_TARGET_NAME = weatherapp;
			};
			name = Debug;
		};
		C88D4D291FE3FFD500BAA34C /* Release */ = {
			isa = XCBuildConfiguration;
			baseConfigurationReference = 85214D60BA906114A6060A6F /* Pods-weatherappUITests.release.xcconfig */;
			buildSettings = {
				ALWAYS_EMBED_SWIFT_STANDARD_LIBRARIES = YES;
				CODE_SIGN_STYLE = Automatic;
				INFOPLIST_FILE = weatherappUITests/Info.plist;
				LD_RUNPATH_SEARCH_PATHS = "$(inherited) @executable_path/Frameworks @loader_path/Frameworks";
				PRODUCT_BUNDLE_IDENTIFIER = com.leloupnicolas.weatherappUITests;
				PRODUCT_NAME = "$(TARGET_NAME)";
				SWIFT_VERSION = 4.0;
				TARGETED_DEVICE_FAMILY = "1,2";
				TEST_TARGET_NAME = weatherapp;
			};
			name = Release;
		};
/* End XCBuildConfiguration section */

/* Begin XCConfigurationList section */
		C88D4CF11FE3FFD500BAA34C /* Build configuration list for PBXProject "weatherapp" */ = {
			isa = XCConfigurationList;
			buildConfigurations = (
				C88D4D1F1FE3FFD500BAA34C /* Debug */,
				C88D4D201FE3FFD500BAA34C /* Release */,
			);
			defaultConfigurationIsVisible = 0;
			defaultConfigurationName = Release;
		};
		C88D4D211FE3FFD500BAA34C /* Build configuration list for PBXNativeTarget "weatherapp" */ = {
			isa = XCConfigurationList;
			buildConfigurations = (
				C88D4D221FE3FFD500BAA34C /* Debug */,
				C88D4D231FE3FFD500BAA34C /* Release */,
			);
			defaultConfigurationIsVisible = 0;
			defaultConfigurationName = Release;
		};
		C88D4D241FE3FFD500BAA34C /* Build configuration list for PBXNativeTarget "weatherappTests" */ = {
			isa = XCConfigurationList;
			buildConfigurations = (
				C88D4D251FE3FFD500BAA34C /* Debug */,
				C88D4D261FE3FFD500BAA34C /* Release */,
			);
			defaultConfigurationIsVisible = 0;
			defaultConfigurationName = Release;
		};
		C88D4D271FE3FFD500BAA34C /* Build configuration list for PBXNativeTarget "weatherappUITests" */ = {
			isa = XCConfigurationList;
			buildConfigurations = (
				C88D4D281FE3FFD500BAA34C /* Debug */,
				C88D4D291FE3FFD500BAA34C /* Release */,
			);
			defaultConfigurationIsVisible = 0;
			defaultConfigurationName = Release;
		};
/* End XCConfigurationList section */

/* Begin XCVersionGroup section */
		C88D4D001FE3FFD500BAA34C /* weatherapp.xcdatamodeld */ = {
			isa = XCVersionGroup;
			children = (
				C88D4D011FE3FFD500BAA34C /* weatherapp.xcdatamodel */,
			);
			currentVersion = C88D4D011FE3FFD500BAA34C /* weatherapp.xcdatamodel */;
			path = weatherapp.xcdatamodeld;
			sourceTree = "<group>";
			versionGroupType = wrapper.xcdatamodel;
		};
/* End XCVersionGroup section */
	};
	rootObject = C88D4CEE1FE3FFD500BAA34C /* Project object */;
}
